
Microsoft Visual Studio Solution File, Format Version 12.00
# Visual Studio 15
VisualStudioVersion = 15.0.27004.2008
MinimumVisualStudioVersion = 10.0.40219.1
Project("{FAE04EC0-301F-11D3-BF4B-00C04F79EFBC}") = "AspNetVS2017.Capitulo01.Variaveis", "AspNetVS2017.Capitulo01.Variaveis\AspNetVS2017.Capitulo01.Variaveis.csproj", "{EF023B28-DD95-4D93-9CC2-200E4C938154}"
EndProject
Project("{FAE04EC0-301F-11D3-BF4B-00C04F79EFBC}") = "AspNetVS2017.Capitulo01.Troco", "AspNetVS2017.Capitulo01.Troco\AspNetVS2017.Capitulo01.Troco.csproj", "{5F32DBE8-7E53-45D4-AF6E-146346521CE3}"
EndProject
Project("{FAE04EC0-301F-11D3-BF4B-00C04F79EFBC}") = "AspNetVS2017.Capitulo01.Fretes", "AspNetVS2017.Capitulo01.Fretes\AspNetVS2017.Capitulo01.Fretes.csproj", "{788B74B4-0F45-4400-8374-8A9265948ED5}"
EndProject
Project("{FAE04EC0-301F-11D3-BF4B-00C04F79EFBC}") = "AspNetVS2017.Capitulo01.Repeticao.Testes", "AspNetVS2017.Capitulo01.Repeticao.Testes\AspNetVS2017.Capitulo01.Repeticao.Testes.csproj", "{879E15E6-AB7E-4594-BA23-E6797EA6249B}"
EndProject
Project("{FAE04EC0-301F-11D3-BF4B-00C04F79EFBC}") = "AspNetVS2017.Capitulo01.VetoresColecoes.Testes", "AspNetVS2017.Capitulo01.VetoresColecoes.Testes\AspNetVS2017.Capitulo01.VetoresColecoes.Testes.csproj", "{3226AB35-B4BF-4CF5-8FF6-C14A627170EB}"
EndProject
Project("{2150E333-8FDC-42A3-9474-1A3956D46DE8}") = "Oficina", "Oficina", "{EFDF3745-DB82-4027-ACA0-E23E7CA3DBD6}"
EndProject
Project("{FAE04EC0-301F-11D3-BF4B-00C04F79EFBC}") = "Oficina.Dominio", "Oficina.Dominio\Oficina.Dominio.csproj", "{2824E366-05B3-4FCD-86B2-4105DF78B278}"
EndProject
Project("{FAE04EC0-301F-11D3-BF4B-00C04F79EFBC}") = "Oficina.Repositorios.SistemaArquivos", "Oficina.Repositorios.SistemaArquivos\Oficina.Repositorios.SistemaArquivos.csproj", "{C67BE6DA-63E3-4FD9-8484-AF60DBEE3547}"
EndProject
Project("{FAE04EC0-301F-11D3-BF4B-00C04F79EFBC}") = "Oficina.Repositorios.SistemaArquivosTests", "Oficina.Repositorios.SistemaArquivosTests\Oficina.Repositorios.SistemaArquivosTests.csproj", "{F2FD549D-BD75-496C-970C-71FC0BD49A72}"
EndProject
Project("{FAE04EC0-301F-11D3-BF4B-00C04F79EFBC}") = "Oficina.WebPages", "Oficina.WebPages\Oficina.WebPages.csproj", "{9E0CC73A-6F2B-410A-956E-3A6D0812E176}"
EndProject
Project("{FAE04EC0-301F-11D3-BF4B-00C04F79EFBC}") = "AspNetVS2017.Capitulo02.Http.Testes", "AspNetVS2017.Capitulo02.Http.Testes\AspNetVS2017.Capitulo02.Http.Testes.csproj", "{2423CF5A-7F48-478E-B73E-871ED3EBF990}"
EndProject
Project("{FAE04EC0-301F-11D3-BF4B-00C04F79EFBC}") = "AspNetVS2017.Capitulo03.Portfolio", "AspNetVS2017.Capitulo03.Portfolio\AspNetVS2017.Capitulo03.Portfolio.csproj", "{105ED123-9773-4AFE-AF56-60221B153999}"
EndProject
Project("{2150E333-8FDC-42A3-9474-1A3956D46DE8}") = "ViagensOnline", "ViagensOnline", "{89033FBD-FB17-41AA-9BA1-403116A002E1}"
EndProject
Project("{FAE04EC0-301F-11D3-BF4B-00C04F79EFBC}") = "ViagensOnline.Dominio", "ViagensOnline.Dominio\ViagensOnline.Dominio.csproj", "{CB0B2C03-3247-401E-94F0-D416154A80E4}"
EndProject
Project("{FAE04EC0-301F-11D3-BF4B-00C04F79EFBC}") = "ViagensOnline.Repositorios.SqlServer", "ViagensOnline.Repositorios.SqlServer\ViagensOnline.Repositorios.SqlServer.csproj", "{B66D14FB-A41E-4E1D-9B40-58B56AC40027}"
EndProject
Project("{FAE04EC0-301F-11D3-BF4B-00C04F79EFBC}") = "ViagensOnline.Repositorios.SqlServerTests", "ViagensOnline.Repositorios.SqlServerTests\ViagensOnline.Repositorios.SqlServerTests.csproj", "{2416A642-6231-4FDD-8A1B-5C75EAB85DEF}"
EndProject
Project("{FAE04EC0-301F-11D3-BF4B-00C04F79EFBC}") = "ViagensOnline.Mvc", "ViagensOnline.Mvc\ViagensOnline.Mvc.csproj", "{341F9E11-A60D-4624-A598-0050D84B290C}"
EndProject
Project("{2150E333-8FDC-42A3-9474-1A3956D46DE8}") = "Pessoal", "Pessoal", "{41CD8940-C9B4-41CD-B42E-213CDDDCBABE}"
EndProject
Project("{FAE04EC0-301F-11D3-BF4B-00C04F79EFBC}") = "Pessoal.Dominio", "Pessoal.Dominio\Pessoal.Dominio.csproj", "{FBB8C85E-F1ED-4271-B526-98492FEB9C50}"
EndProject
Project("{FAE04EC0-301F-11D3-BF4B-00C04F79EFBC}") = "Pessoal.Repositorios.SqlServer", "Pessoal.Repositorios.SqlServer\Pessoal.Repositorios.SqlServer.csproj", "{8B01432E-2323-4942-B986-38EF6B259426}"
EndProject
Project("{FAE04EC0-301F-11D3-BF4B-00C04F79EFBC}") = "Pessoal.Repositorios.SqlServerTests", "Pessoal.Repositorios.SqlServerTests\Pessoal.Repositorios.SqlServerTests.csproj", "{53951302-3F28-4BE1-8614-5480385EAA62}"
EndProject
Project("{9A19103F-16F7-4668-BE54-9A1E7A4F7556}") = "Pessoal.Mvc", "Pessoal.Mvc\Pessoal.Mvc.csproj", "{F43329CF-22F4-45A9-B2B1-7D8D1676F609}"
EndProject
Project("{FAE04EC0-301F-11D3-BF4B-00C04F79EFBC}") = "AspNetVS2017.Capitulo08.ModelDatabaseFirst", "AspNetVS2017.Capitulo08.ModelDatabaseFirst\AspNetVS2017.Capitulo08.ModelDatabaseFirst.csproj", "{06A1B71D-9E9D-48FC-BB76-B108955E57FA}"
EndProject
Project("{2150E333-8FDC-42A3-9474-1A3956D46DE8}") = "Northwind", "Northwind", "{4B9C7CBF-2CFB-4A44-A23D-92E68934B270}"
EndProject
Project("{FAE04EC0-301F-11D3-BF4B-00C04F79EFBC}") = "Northwind.Repositorios.SqlServer", "Northwind.Repositorios.SqlServer\Northwind.Repositorios.SqlServer.csproj", "{06E80B63-884F-4811-A884-9D9C373FDF78}"
EndProject
Project("{00D1A9C2-B5F0-4AF3-8072-F6C62B433612}") = "Pessoal.Database", "Pessoal.Database\Pessoal.Database.sqlproj", "{EA7A8E6F-DE05-4AC5-9951-B99B6866BDB1}"
EndProject
Project("{2150E333-8FDC-42A3-9474-1A3956D46DE8}") = "Loja", "Loja", "{E177A726-F149-45DD-9717-906F3ADCDCD4}"
EndProject
Project("{FAE04EC0-301F-11D3-BF4B-00C04F79EFBC}") = "Loja.Dominio", "Loja.Dominio\Loja.Dominio.csproj", "{F049178B-545A-4FF3-8657-870606B6B480}"
EndProject
Project("{FAE04EC0-301F-11D3-BF4B-00C04F79EFBC}") = "Loja.Repositorios.SqlServer", "Loja.Repositorios.SqlServer\Loja.Repositorios.SqlServer.csproj", "{5A8045C3-12B6-4532-A364-6BFCB32C6FDD}"
EndProject
Project("{FAE04EC0-301F-11D3-BF4B-00C04F79EFBC}") = "Loja.Repositorios.SqlServerTests", "Loja.Repositorios.SqlServerTests\Loja.Repositorios.SqlServerTests.csproj", "{56740A52-D643-4288-AB31-00E735100C64}"
EndProject
Project("{FAE04EC0-301F-11D3-BF4B-00C04F79EFBC}") = "Loja.Mvc", "Loja.Mvc\Loja.Mvc.csproj", "{660311DA-BA36-49AC-BC3B-A95B349335C0}"
EndProject
Global
	GlobalSection(SolutionConfigurationPlatforms) = preSolution
		Debug|Any CPU = Debug|Any CPU
		Release|Any CPU = Release|Any CPU
	EndGlobalSection
	GlobalSection(ProjectConfigurationPlatforms) = postSolution
		{EF023B28-DD95-4D93-9CC2-200E4C938154}.Debug|Any CPU.ActiveCfg = Debug|Any CPU
		{EF023B28-DD95-4D93-9CC2-200E4C938154}.Debug|Any CPU.Build.0 = Debug|Any CPU
		{EF023B28-DD95-4D93-9CC2-200E4C938154}.Release|Any CPU.ActiveCfg = Release|Any CPU
		{EF023B28-DD95-4D93-9CC2-200E4C938154}.Release|Any CPU.Build.0 = Release|Any CPU
		{5F32DBE8-7E53-45D4-AF6E-146346521CE3}.Debug|Any CPU.ActiveCfg = Debug|Any CPU
		{5F32DBE8-7E53-45D4-AF6E-146346521CE3}.Debug|Any CPU.Build.0 = Debug|Any CPU
		{5F32DBE8-7E53-45D4-AF6E-146346521CE3}.Release|Any CPU.ActiveCfg = Release|Any CPU
		{5F32DBE8-7E53-45D4-AF6E-146346521CE3}.Release|Any CPU.Build.0 = Release|Any CPU
		{788B74B4-0F45-4400-8374-8A9265948ED5}.Debug|Any CPU.ActiveCfg = Debug|Any CPU
		{788B74B4-0F45-4400-8374-8A9265948ED5}.Debug|Any CPU.Build.0 = Debug|Any CPU
		{788B74B4-0F45-4400-8374-8A9265948ED5}.Release|Any CPU.ActiveCfg = Release|Any CPU
		{788B74B4-0F45-4400-8374-8A9265948ED5}.Release|Any CPU.Build.0 = Release|Any CPU
		{879E15E6-AB7E-4594-BA23-E6797EA6249B}.Debug|Any CPU.ActiveCfg = Debug|Any CPU
		{879E15E6-AB7E-4594-BA23-E6797EA6249B}.Debug|Any CPU.Build.0 = Debug|Any CPU
		{879E15E6-AB7E-4594-BA23-E6797EA6249B}.Release|Any CPU.ActiveCfg = Release|Any CPU
		{879E15E6-AB7E-4594-BA23-E6797EA6249B}.Release|Any CPU.Build.0 = Release|Any CPU
		{3226AB35-B4BF-4CF5-8FF6-C14A627170EB}.Debug|Any CPU.ActiveCfg = Debug|Any CPU
		{3226AB35-B4BF-4CF5-8FF6-C14A627170EB}.Debug|Any CPU.Build.0 = Debug|Any CPU
		{3226AB35-B4BF-4CF5-8FF6-C14A627170EB}.Release|Any CPU.ActiveCfg = Release|Any CPU
		{3226AB35-B4BF-4CF5-8FF6-C14A627170EB}.Release|Any CPU.Build.0 = Release|Any CPU
		{2824E366-05B3-4FCD-86B2-4105DF78B278}.Debug|Any CPU.ActiveCfg = Debug|Any CPU
		{2824E366-05B3-4FCD-86B2-4105DF78B278}.Debug|Any CPU.Build.0 = Debug|Any CPU
		{2824E366-05B3-4FCD-86B2-4105DF78B278}.Release|Any CPU.ActiveCfg = Release|Any CPU
		{2824E366-05B3-4FCD-86B2-4105DF78B278}.Release|Any CPU.Build.0 = Release|Any CPU
		{C67BE6DA-63E3-4FD9-8484-AF60DBEE3547}.Debug|Any CPU.ActiveCfg = Debug|Any CPU
		{C67BE6DA-63E3-4FD9-8484-AF60DBEE3547}.Debug|Any CPU.Build.0 = Debug|Any CPU
		{C67BE6DA-63E3-4FD9-8484-AF60DBEE3547}.Release|Any CPU.ActiveCfg = Release|Any CPU
		{C67BE6DA-63E3-4FD9-8484-AF60DBEE3547}.Release|Any CPU.Build.0 = Release|Any CPU
		{F2FD549D-BD75-496C-970C-71FC0BD49A72}.Debug|Any CPU.ActiveCfg = Debug|Any CPU
		{F2FD549D-BD75-496C-970C-71FC0BD49A72}.Debug|Any CPU.Build.0 = Debug|Any CPU
		{F2FD549D-BD75-496C-970C-71FC0BD49A72}.Release|Any CPU.ActiveCfg = Release|Any CPU
		{F2FD549D-BD75-496C-970C-71FC0BD49A72}.Release|Any CPU.Build.0 = Release|Any CPU
		{9E0CC73A-6F2B-410A-956E-3A6D0812E176}.Debug|Any CPU.ActiveCfg = Debug|Any CPU
		{9E0CC73A-6F2B-410A-956E-3A6D0812E176}.Debug|Any CPU.Build.0 = Debug|Any CPU
		{9E0CC73A-6F2B-410A-956E-3A6D0812E176}.Release|Any CPU.ActiveCfg = Release|Any CPU
		{9E0CC73A-6F2B-410A-956E-3A6D0812E176}.Release|Any CPU.Build.0 = Release|Any CPU
		{2423CF5A-7F48-478E-B73E-871ED3EBF990}.Debug|Any CPU.ActiveCfg = Debug|Any CPU
		{2423CF5A-7F48-478E-B73E-871ED3EBF990}.Debug|Any CPU.Build.0 = Debug|Any CPU
		{2423CF5A-7F48-478E-B73E-871ED3EBF990}.Release|Any CPU.ActiveCfg = Release|Any CPU
		{2423CF5A-7F48-478E-B73E-871ED3EBF990}.Release|Any CPU.Build.0 = Release|Any CPU
		{105ED123-9773-4AFE-AF56-60221B153999}.Debug|Any CPU.ActiveCfg = Debug|Any CPU
		{105ED123-9773-4AFE-AF56-60221B153999}.Debug|Any CPU.Build.0 = Debug|Any CPU
		{105ED123-9773-4AFE-AF56-60221B153999}.Release|Any CPU.ActiveCfg = Release|Any CPU
		{105ED123-9773-4AFE-AF56-60221B153999}.Release|Any CPU.Build.0 = Release|Any CPU
		{CB0B2C03-3247-401E-94F0-D416154A80E4}.Debug|Any CPU.ActiveCfg = Debug|Any CPU
		{CB0B2C03-3247-401E-94F0-D416154A80E4}.Debug|Any CPU.Build.0 = Debug|Any CPU
		{CB0B2C03-3247-401E-94F0-D416154A80E4}.Release|Any CPU.ActiveCfg = Release|Any CPU
		{CB0B2C03-3247-401E-94F0-D416154A80E4}.Release|Any CPU.Build.0 = Release|Any CPU
		{B66D14FB-A41E-4E1D-9B40-58B56AC40027}.Debug|Any CPU.ActiveCfg = Debug|Any CPU
		{B66D14FB-A41E-4E1D-9B40-58B56AC40027}.Debug|Any CPU.Build.0 = Debug|Any CPU
		{B66D14FB-A41E-4E1D-9B40-58B56AC40027}.Release|Any CPU.ActiveCfg = Release|Any CPU
		{B66D14FB-A41E-4E1D-9B40-58B56AC40027}.Release|Any CPU.Build.0 = Release|Any CPU
		{2416A642-6231-4FDD-8A1B-5C75EAB85DEF}.Debug|Any CPU.ActiveCfg = Debug|Any CPU
		{2416A642-6231-4FDD-8A1B-5C75EAB85DEF}.Debug|Any CPU.Build.0 = Debug|Any CPU
		{2416A642-6231-4FDD-8A1B-5C75EAB85DEF}.Release|Any CPU.ActiveCfg = Release|Any CPU
		{2416A642-6231-4FDD-8A1B-5C75EAB85DEF}.Release|Any CPU.Build.0 = Release|Any CPU
		{341F9E11-A60D-4624-A598-0050D84B290C}.Debug|Any CPU.ActiveCfg = Debug|Any CPU
		{341F9E11-A60D-4624-A598-0050D84B290C}.Debug|Any CPU.Build.0 = Debug|Any CPU
		{341F9E11-A60D-4624-A598-0050D84B290C}.Release|Any CPU.ActiveCfg = Release|Any CPU
		{341F9E11-A60D-4624-A598-0050D84B290C}.Release|Any CPU.Build.0 = Release|Any CPU
		{FBB8C85E-F1ED-4271-B526-98492FEB9C50}.Debug|Any CPU.ActiveCfg = Debug|Any CPU
		{FBB8C85E-F1ED-4271-B526-98492FEB9C50}.Debug|Any CPU.Build.0 = Debug|Any CPU
		{FBB8C85E-F1ED-4271-B526-98492FEB9C50}.Release|Any CPU.ActiveCfg = Release|Any CPU
		{FBB8C85E-F1ED-4271-B526-98492FEB9C50}.Release|Any CPU.Build.0 = Release|Any CPU
		{8B01432E-2323-4942-B986-38EF6B259426}.Debug|Any CPU.ActiveCfg = Debug|Any CPU
		{8B01432E-2323-4942-B986-38EF6B259426}.Debug|Any CPU.Build.0 = Debug|Any CPU
		{8B01432E-2323-4942-B986-38EF6B259426}.Release|Any CPU.ActiveCfg = Release|Any CPU
		{8B01432E-2323-4942-B986-38EF6B259426}.Release|Any CPU.Build.0 = Release|Any CPU
		{53951302-3F28-4BE1-8614-5480385EAA62}.Debug|Any CPU.ActiveCfg = Debug|Any CPU
		{53951302-3F28-4BE1-8614-5480385EAA62}.Debug|Any CPU.Build.0 = Debug|Any CPU
		{53951302-3F28-4BE1-8614-5480385EAA62}.Release|Any CPU.ActiveCfg = Release|Any CPU
		{53951302-3F28-4BE1-8614-5480385EAA62}.Release|Any CPU.Build.0 = Release|Any CPU
		{F43329CF-22F4-45A9-B2B1-7D8D1676F609}.Debug|Any CPU.ActiveCfg = Debug|Any CPU
		{F43329CF-22F4-45A9-B2B1-7D8D1676F609}.Debug|Any CPU.Build.0 = Debug|Any CPU
		{F43329CF-22F4-45A9-B2B1-7D8D1676F609}.Release|Any CPU.ActiveCfg = Release|Any CPU
		{F43329CF-22F4-45A9-B2B1-7D8D1676F609}.Release|Any CPU.Build.0 = Release|Any CPU
		{06A1B71D-9E9D-48FC-BB76-B108955E57FA}.Debug|Any CPU.ActiveCfg = Debug|Any CPU
		{06A1B71D-9E9D-48FC-BB76-B108955E57FA}.Release|Any CPU.ActiveCfg = Release|Any CPU
		{06A1B71D-9E9D-48FC-BB76-B108955E57FA}.Release|Any CPU.Build.0 = Release|Any CPU
		{06E80B63-884F-4811-A884-9D9C373FDF78}.Debug|Any CPU.ActiveCfg = Debug|Any CPU
		{06E80B63-884F-4811-A884-9D9C373FDF78}.Debug|Any CPU.Build.0 = Debug|Any CPU
		{06E80B63-884F-4811-A884-9D9C373FDF78}.Release|Any CPU.ActiveCfg = Release|Any CPU
		{06E80B63-884F-4811-A884-9D9C373FDF78}.Release|Any CPU.Build.0 = Release|Any CPU
		{EA7A8E6F-DE05-4AC5-9951-B99B6866BDB1}.Debug|Any CPU.ActiveCfg = Debug|Any CPU
		{EA7A8E6F-DE05-4AC5-9951-B99B6866BDB1}.Debug|Any CPU.Build.0 = Debug|Any CPU
		{EA7A8E6F-DE05-4AC5-9951-B99B6866BDB1}.Debug|Any CPU.Deploy.0 = Debug|Any CPU
		{EA7A8E6F-DE05-4AC5-9951-B99B6866BDB1}.Release|Any CPU.ActiveCfg = Release|Any CPU
		{EA7A8E6F-DE05-4AC5-9951-B99B6866BDB1}.Release|Any CPU.Build.0 = Release|Any CPU
		{EA7A8E6F-DE05-4AC5-9951-B99B6866BDB1}.Release|Any CPU.Deploy.0 = Release|Any CPU
		{F049178B-545A-4FF3-8657-870606B6B480}.Debug|Any CPU.ActiveCfg = Debug|Any CPU
		{F049178B-545A-4FF3-8657-870606B6B480}.Debug|Any CPU.Build.0 = Debug|Any CPU
		{F049178B-545A-4FF3-8657-870606B6B480}.Release|Any CPU.ActiveCfg = Release|Any CPU
		{F049178B-545A-4FF3-8657-870606B6B480}.Release|Any CPU.Build.0 = Release|Any CPU
		{5A8045C3-12B6-4532-A364-6BFCB32C6FDD}.Debug|Any CPU.ActiveCfg = Debug|Any CPU
		{5A8045C3-12B6-4532-A364-6BFCB32C6FDD}.Debug|Any CPU.Build.0 = Debug|Any CPU
		{5A8045C3-12B6-4532-A364-6BFCB32C6FDD}.Release|Any CPU.ActiveCfg = Release|Any CPU
		{5A8045C3-12B6-4532-A364-6BFCB32C6FDD}.Release|Any CPU.Build.0 = Release|Any CPU
		{56740A52-D643-4288-AB31-00E735100C64}.Debug|Any CPU.ActiveCfg = Debug|Any CPU
		{56740A52-D643-4288-AB31-00E735100C64}.Debug|Any CPU.Build.0 = Debug|Any CPU
		{56740A52-D643-4288-AB31-00E735100C64}.Release|Any CPU.ActiveCfg = Release|Any CPU
		{56740A52-D643-4288-AB31-00E735100C64}.Release|Any CPU.Build.0 = Release|Any CPU
		{660311DA-BA36-49AC-BC3B-A95B349335C0}.Debug|Any CPU.ActiveCfg = Debug|Any CPU
		{660311DA-BA36-49AC-BC3B-A95B349335C0}.Debug|Any CPU.Build.0 = Debug|Any CPU
		{660311DA-BA36-49AC-BC3B-A95B349335C0}.Release|Any CPU.ActiveCfg = Release|Any CPU
		{660311DA-BA36-49AC-BC3B-A95B349335C0}.Release|Any CPU.Build.0 = Release|Any CPU
	EndGlobalSection
	GlobalSection(SolutionProperties) = preSolution
		HideSolutionNode = FALSE
	EndGlobalSection
	GlobalSection(NestedProjects) = preSolution
		{2824E366-05B3-4FCD-86B2-4105DF78B278} = {EFDF3745-DB82-4027-ACA0-E23E7CA3DBD6}
		{C67BE6DA-63E3-4FD9-8484-AF60DBEE3547} = {EFDF3745-DB82-4027-ACA0-E23E7CA3DBD6}
		{F2FD549D-BD75-496C-970C-71FC0BD49A72} = {EFDF3745-DB82-4027-ACA0-E23E7CA3DBD6}
		{9E0CC73A-6F2B-410A-956E-3A6D0812E176} = {EFDF3745-DB82-4027-ACA0-E23E7CA3DBD6}
		{CB0B2C03-3247-401E-94F0-D416154A80E4} = {89033FBD-FB17-41AA-9BA1-403116A002E1}
		{B66D14FB-A41E-4E1D-9B40-58B56AC40027} = {89033FBD-FB17-41AA-9BA1-403116A002E1}
		{2416A642-6231-4FDD-8A1B-5C75EAB85DEF} = {89033FBD-FB17-41AA-9BA1-403116A002E1}
		{341F9E11-A60D-4624-A598-0050D84B290C} = {89033FBD-FB17-41AA-9BA1-403116A002E1}
		{FBB8C85E-F1ED-4271-B526-98492FEB9C50} = {41CD8940-C9B4-41CD-B42E-213CDDDCBABE}
		{8B01432E-2323-4942-B986-38EF6B259426} = {41CD8940-C9B4-41CD-B42E-213CDDDCBABE}
		{53951302-3F28-4BE1-8614-5480385EAA62} = {41CD8940-C9B4-41CD-B42E-213CDDDCBABE}
		{F43329CF-22F4-45A9-B2B1-7D8D1676F609} = {41CD8940-C9B4-41CD-B42E-213CDDDCBABE}
		{06E80B63-884F-4811-A884-9D9C373FDF78} = {4B9C7CBF-2CFB-4A44-A23D-92E68934B270}
		{EA7A8E6F-DE05-4AC5-9951-B99B6866BDB1} = {41CD8940-C9B4-41CD-B42E-213CDDDCBABE}
		{F049178B-545A-4FF3-8657-870606B6B480} = {E177A726-F149-45DD-9717-906F3ADCDCD4}
		{5A8045C3-12B6-4532-A364-6BFCB32C6FDD} = {E177A726-F149-45DD-9717-906F3ADCDCD4}
		{56740A52-D643-4288-AB31-00E735100C64} = {E177A726-F149-45DD-9717-906F3ADCDCD4}
		{660311DA-BA36-49AC-BC3B-A95B349335C0} = {E177A726-F149-45DD-9717-906F3ADCDCD4}
	EndGlobalSection
	GlobalSection(ExtensibilityGlobals) = postSolution
		SolutionGuid = {963514C4-F551-4EE8-82FD-2959D4E9C4AA}
	EndGlobalSection
EndGlobal
